// !$*UTF8*$!
{
	archiveVersion = 1;
	classes = {
	};
	objectVersion = 50;
	objects = {

/* Begin PBXBuildFile section */
		9445A45A26AC25F300A3E68D /* AppDelegate.swift in Sources */ = {isa = PBXBuildFile; fileRef = 9445A45926AC25F300A3E68D /* AppDelegate.swift */; };
		9445A45C26AC25F300A3E68D /* SceneDelegate.swift in Sources */ = {isa = PBXBuildFile; fileRef = 9445A45B26AC25F300A3E68D /* SceneDelegate.swift */; };
		9445A45E26AC25F300A3E68D /* ViewController.swift in Sources */ = {isa = PBXBuildFile; fileRef = 9445A45D26AC25F300A3E68D /* ViewController.swift */; };
		9445A46126AC25F300A3E68D /* Main.storyboard in Resources */ = {isa = PBXBuildFile; fileRef = 9445A45F26AC25F300A3E68D /* Main.storyboard */; };
		9445A46326AC25F500A3E68D /* Assets.xcassets in Resources */ = {isa = PBXBuildFile; fileRef = 9445A46226AC25F500A3E68D /* Assets.xcassets */; };
		9445A46626AC25F500A3E68D /* LaunchScreen.storyboard in Resources */ = {isa = PBXBuildFile; fileRef = 9445A46426AC25F500A3E68D /* LaunchScreen.storyboard */; };
		9445A46E26AC261700A3E68D /* SecondVC.swift in Sources */ = {isa = PBXBuildFile; fileRef = 9445A46D26AC261700A3E68D /* SecondVC.swift */; };
		9445A47026AC262700A3E68D /* ThirdVC.swift in Sources */ = {isa = PBXBuildFile; fileRef = 9445A46F26AC262700A3E68D /* ThirdVC.swift */; };
		9445A47226AC2B9300A3E68D /* Constant.swift in Sources */ = {isa = PBXBuildFile; fileRef = 9445A47126AC2B9300A3E68D /* Constant.swift */; };
		9445A47626AC30E400A3E68D /* UserDefoultsFristVC.swift in Sources */ = {isa = PBXBuildFile; fileRef = 9445A47526AC30E400A3E68D /* UserDefoultsFristVC.swift */; };
		9445A47826AC312300A3E68D /* UserDefoultsSecondVC.swift in Sources */ = {isa = PBXBuildFile; fileRef = 9445A47726AC312300A3E68D /* UserDefoultsSecondVC.swift */; };
		9445A47A26AC319400A3E68D /* UserStruct.swift in Sources */ = {isa = PBXBuildFile; fileRef = 9445A47926AC319400A3E68D /* UserStruct.swift */; };
		9445A47C26AC320D00A3E68D /* UserDefaultsCOnstants.swift in Sources */ = {isa = PBXBuildFile; fileRef = 9445A47B26AC320D00A3E68D /* UserDefaultsCOnstants.swift */; };
/* End PBXBuildFile section */

/* Begin PBXFileReference section */
		9445A45626AC25F300A3E68D /* lesson90Takrorlash.app */ = {isa = PBXFileReference; explicitFileType = wrapper.application; includeInIndex = 0; path = lesson90Takrorlash.app; sourceTree = BUILT_PRODUCTS_DIR; };
		9445A45926AC25F300A3E68D /* AppDelegate.swift */ = {isa = PBXFileReference; lastKnownFileType = sourcecode.swift; path = AppDelegate.swift; sourceTree = "<group>"; };
		9445A45B26AC25F300A3E68D /* SceneDelegate.swift */ = {isa = PBXFileReference; lastKnownFileType = sourcecode.swift; path = SceneDelegate.swift; sourceTree = "<group>"; };
		9445A45D26AC25F300A3E68D /* ViewController.swift */ = {isa = PBXFileReference; lastKnownFileType = sourcecode.swift; path = ViewController.swift; sourceTree = "<group>"; };
		9445A46026AC25F300A3E68D /* Base */ = {isa = PBXFileReference; lastKnownFileType = file.storyboard; name = Base; path = Base.lproj/Main.storyboard; sourceTree = "<group>"; };
		9445A46226AC25F500A3E68D /* Assets.xcassets */ = {isa = PBXFileReference; lastKnownFileType = folder.assetcatalog; path = Assets.xcassets; sourceTree = "<group>"; };
		9445A46526AC25F500A3E68D /* Base */ = {isa = PBXFileReference; lastKnownFileType = file.storyboard; name = Base; path = Base.lproj/LaunchScreen.storyboard; sourceTree = "<group>"; };
		9445A46726AC25F500A3E68D /* Info.plist */ = {isa = PBXFileReference; lastKnownFileType = text.plist.xml; path = Info.plist; sourceTree = "<group>"; };
		9445A46D26AC261700A3E68D /* SecondVC.swift */ = {isa = PBXFileReference; lastKnownFileType = sourcecode.swift; path = SecondVC.swift; sourceTree = "<group>"; };
		9445A46F26AC262700A3E68D /* ThirdVC.swift */ = {isa = PBXFileReference; lastKnownFileType = sourcecode.swift; path = ThirdVC.swift; sourceTree = "<group>"; };
		9445A47126AC2B9300A3E68D /* Constant.swift */ = {isa = PBXFileReference; lastKnownFileType = sourcecode.swift; path = Constant.swift; sourceTree = "<group>"; };
		9445A47526AC30E400A3E68D /* UserDefoultsFristVC.swift */ = {isa = PBXFileReference; lastKnownFileType = sourcecode.swift; path = UserDefoultsFristVC.swift; sourceTree = "<group>"; };
		9445A47726AC312300A3E68D /* UserDefoultsSecondVC.swift */ = {isa = PBXFileReference; lastKnownFileType = sourcecode.swift; path = UserDefoultsSecondVC.swift; sourceTree = "<group>"; };
		9445A47926AC319400A3E68D /* UserStruct.swift */ = {isa = PBXFileReference; lastKnownFileType = sourcecode.swift; path = UserStruct.swift; sourceTree = "<group>"; };
		9445A47B26AC320D00A3E68D /* UserDefaultsCOnstants.swift */ = {isa = PBXFileReference; lastKnownFileType = sourcecode.swift; path = UserDefaultsCOnstants.swift; sourceTree = "<group>"; };
/* End PBXFileReference section */

/* Begin PBXFrameworksBuildPhase section */
		9445A45326AC25F300A3E68D /* Frameworks */ = {
			isa = PBXFrameworksBuildPhase;
			buildActionMask = 2147483647;
			files = (
			);
			runOnlyForDeploymentPostprocessing = 0;
		};
/* End PBXFrameworksBuildPhase section */

/* Begin PBXGroup section */
		9445A44D26AC25F300A3E68D = {
			isa = PBXGroup;
			children = (
				9445A45826AC25F300A3E68D /* lesson90Takrorlash */,
				9445A45726AC25F300A3E68D /* Products */,
			);
			sourceTree = "<group>";
		};
		9445A45726AC25F300A3E68D /* Products */ = {
			isa = PBXGroup;
			children = (
				9445A45626AC25F300A3E68D /* lesson90Takrorlash.app */,
			);
			name = Products;
			sourceTree = "<group>";
		};
		9445A45826AC25F300A3E68D /* lesson90Takrorlash */ = {
			isa = PBXGroup;
			children = (
				9445A47326AC2FF100A3E68D /* Notification */,
				9445A47426AC301100A3E68D /* UserDefoults */,
				9445A45926AC25F300A3E68D /* AppDelegate.swift */,
				9445A45B26AC25F300A3E68D /* SceneDelegate.swift */,
				9445A45F26AC25F300A3E68D /* Main.storyboard */,
				9445A46226AC25F500A3E68D /* Assets.xcassets */,
				9445A46426AC25F500A3E68D /* LaunchScreen.storyboard */,
				9445A46726AC25F500A3E68D /* Info.plist */,
			);
			path = lesson90Takrorlash;
			sourceTree = "<group>";
		};
		9445A47326AC2FF100A3E68D /* Notification */ = {
			isa = PBXGroup;
			children = (
				9445A45D26AC25F300A3E68D /* ViewController.swift */,
				9445A46D26AC261700A3E68D /* SecondVC.swift */,
				9445A46F26AC262700A3E68D /* ThirdVC.swift */,
				9445A47126AC2B9300A3E68D /* Constant.swift */,
			);
			path = Notification;
			sourceTree = "<group>";
		};
		9445A47426AC301100A3E68D /* UserDefoults */ = {
			isa = PBXGroup;
			children = (
				9445A47526AC30E400A3E68D /* UserDefoultsFristVC.swift */,
				9445A47726AC312300A3E68D /* UserDefoultsSecondVC.swift */,
				9445A47926AC319400A3E68D /* UserStruct.swift */,
				9445A47B26AC320D00A3E68D /* UserDefaultsCOnstants.swift */,
			);
			path = UserDefoults;
			sourceTree = "<group>";
		};
/* End PBXGroup section */

/* Begin PBXNativeTarget section */
		9445A45526AC25F300A3E68D /* lesson90Takrorlash */ = {
			isa = PBXNativeTarget;
			buildConfigurationList = 9445A46A26AC25F500A3E68D /* Build configuration list for PBXNativeTarget "lesson90Takrorlash" */;
			buildPhases = (
				9445A45226AC25F300A3E68D /* Sources */,
				9445A45326AC25F300A3E68D /* Frameworks */,
				9445A45426AC25F300A3E68D /* Resources */,
			);
			buildRules = (
			);
			dependencies = (
			);
			name = lesson90Takrorlash;
			productName = lesson90Takrorlash;
			productReference = 9445A45626AC25F300A3E68D /* lesson90Takrorlash.app */;
			productType = "com.apple.product-type.application";
		};
/* End PBXNativeTarget section */

/* Begin PBXProject section */
		9445A44E26AC25F300A3E68D /* Project object */ = {
			isa = PBXProject;
			attributes = {
				LastSwiftUpdateCheck = 1250;
				LastUpgradeCheck = 1250;
				TargetAttributes = {
					9445A45526AC25F300A3E68D = {
						CreatedOnToolsVersion = 12.5;
					};
				};
			};
			buildConfigurationList = 9445A45126AC25F300A3E68D /* Build configuration list for PBXProject "lesson90Takrorlash" */;
			compatibilityVersion = "Xcode 9.3";
			developmentRegion = en;
			hasScannedForEncodings = 0;
			knownRegions = (
				en,
				Base,
			);
			mainGroup = 9445A44D26AC25F300A3E68D;
			productRefGroup = 9445A45726AC25F300A3E68D /* Products */;
			projectDirPath = "";
			projectRoot = "";
			targets = (
				9445A45526AC25F300A3E68D /* lesson90Takrorlash */,
			);
		};
/* End PBXProject section */

/* Begin PBXResourcesBuildPhase section */
		9445A45426AC25F300A3E68D /* Resources */ = {
			isa = PBXResourcesBuildPhase;
			buildActionMask = 2147483647;
			files = (
				9445A46626AC25F500A3E68D /* LaunchScreen.storyboard in Resources */,
				9445A46326AC25F500A3E68D /* Assets.xcassets in Resources */,
				9445A46126AC25F300A3E68D /* Main.storyboard in Resources */,
			);
			runOnlyForDeploymentPostprocessing = 0;
		};
/* End PBXResourcesBuildPhase section */

/* Begin PBXSourcesBuildPhase section */
		9445A45226AC25F300A3E68D /* Sources */ = {
			isa = PBXSourcesBuildPhase;
			buildActionMask = 2147483647;
			files = (
				9445A45E26AC25F300A3E68D /* ViewController.swift in Sources */,
				9445A45A26AC25F300A3E68D /* AppDelegate.swift in Sources */,
				9445A46E26AC261700A3E68D /* SecondVC.swift in Sources */,
				9445A47A26AC319400A3E68D /* UserStruct.swift in Sources */,
				9445A45C26AC25F300A3E68D /* SceneDelegate.swift in Sources */,
				9445A47626AC30E400A3E68D /* UserDefoultsFristVC.swift in Sources */,
				9445A47C26AC320D00A3E68D /* UserDefaultsCOnstants.swift in Sources */,
				9445A47026AC262700A3E68D /* ThirdVC.swift in Sources */,
				9445A47226AC2B9300A3E68D /* Constant.swift in Sources */,
				9445A47826AC312300A3E68D /* UserDefoultsSecondVC.swift in Sources */,
			);
			runOnlyForDeploymentPostprocessing = 0;
		};
/* End PBXSourcesBuildPhase section */

/* Begin PBXVariantGroup section */
		9445A45F26AC25F300A3E68D /* Main.storyboard */ = {
			isa = PBXVariantGroup;
			children = (
				9445A46026AC25F300A3E68D /* Base */,
			);
			name = Main.storyboard;
			sourceTree = "<group>";
		};
		9445A46426AC25F500A3E68D /* LaunchScreen.storyboard */ = {
			isa = PBXVariantGroup;
			children = (
				9445A46526AC25F500A3E68D /* Base */,
			);
			name = LaunchScreen.storyboard;
			sourceTree = "<group>";
		};
/* End PBXVariantGroup section */

/* Begin XCBuildConfiguration section */
		9445A46826AC25F500A3E68D /* Debug */ = {
			isa = XCBuildConfiguration;
			buildSettings = {
				ALWAYS_SEARCH_USER_PATHS = NO;
				CLANG_ANALYZER_NONNULL = YES;
				CLANG_ANALYZER_NUMBER_OBJECT_CONVERSION = YES_AGGRESSIVE;
				CLANG_CXX_LANGUAGE_STANDARD = "gnu++14";
				CLANG_CXX_LIBRARY = "libc++";
				CLANG_ENABLE_MODULES = YES;
				CLANG_ENABLE_OBJC_ARC = YES;
				CLANG_ENABLE_OBJC_WEAK = YES;
				CLANG_WARN_BLOCK_CAPTURE_AUTORELEASING = YES;
				CLANG_WARN_BOOL_CONVERSION = YES;
				CLANG_WARN_COMMA = YES;
				CLANG_WARN_CONSTANT_CONVERSION = YES;
				CLANG_WARN_DEPRECATED_OBJC_IMPLEMENTATIONS = YES;
				CLANG_WARN_DIRECT_OBJC_ISA_USAGE = YES_ERROR;
				CLANG_WARN_DOCUMENTATION_COMMENTS = YES;
				CLANG_WARN_EMPTY_BODY = YES;
				CLANG_WARN_ENUM_CONVERSION = YES;
				CLANG_WARN_INFINITE_RECURSION = YES;
				CLANG_WARN_INT_CONVERSION = YES;
				CLANG_WARN_NON_LITERAL_NULL_CONVERSION = YES;
				CLANG_WARN_OBJC_IMPLICIT_RETAIN_SELF = YES;
				CLANG_WARN_OBJC_LITERAL_CONVERSION = YES;
				CLANG_WARN_OBJC_ROOT_CLASS = YES_ERROR;
				CLANG_WARN_QUOTED_INCLUDE_IN_FRAMEWORK_HEADER = YES;
				CLANG_WARN_RANGE_LOOP_ANALYSIS = YES;
				CLANG_WARN_STRICT_PROTOTYPES = YES;
				CLANG_WARN_SUSPICIOUS_MOVE = YES;
				CLANG_WARN_UNGUARDED_AVAILABILITY = YES_AGGRESSIVE;
				CLANG_WARN_UNREACHABLE_CODE = YES;
				CLANG_WARN__DUPLICATE_METHOD_MATCH = YES;
				COPY_PHASE_STRIP = NO;
				DEBUG_INFORMATION_FORMAT = dwarf;
				ENABLE_STRICT_OBJC_MSGSEND = YES;
				ENABLE_TESTABILITY = YES;
				GCC_C_LANGUAGE_STANDARD = gnu11;
				GCC_DYNAMIC_NO_PIC = NO;
				GCC_NO_COMMON_BLOCKS = YES;
				GCC_OPTIMIZATION_LEVEL = 0;
				GCC_PREPROCESSOR_DEFINITIONS = (
					"DEBUG=1",
					"$(inherited)",
				);
				GCC_WARN_64_TO_32_BIT_CONVERSION = YES;
				GCC_WARN_ABOUT_RETURN_TYPE = YES_ERROR;
				GCC_WARN_UNDECLARED_SELECTOR = YES;
				GCC_WARN_UNINITIALIZED_AUTOS = YES_AGGRESSIVE;
				GCC_WARN_UNUSED_FUNCTION = YES;
				GCC_WARN_UNUSED_VARIABLE = YES;
				IPHONEOS_DEPLOYMENT_TARGET = 14.5;
				MTL_ENABLE_DEBUG_INFO = INCLUDE_SOURCE;
				MTL_FAST_MATH = YES;
				ONLY_ACTIVE_ARCH = YES;
				SDKROOT = iphoneos;
				SWIFT_ACTIVE_COMPILATION_CONDITIONS = DEBUG;
				SWIFT_OPTIMIZATION_LEVEL = "-Onone";
			};
			name = Debug;
		};
		9445A46926AC25F500A3E68D /* Release */ = {
			isa = XCBuildConfiguration;
			buildSettings = {
				ALWAYS_SEARCH_USER_PATHS = NO;
				CLANG_ANALYZER_NONNULL = YES;
				CLANG_ANALYZER_NUMBER_OBJECT_CONVERSION = YES_AGGRESSIVE;
				CLANG_CXX_LANGUAGE_STANDARD = "gnu++14";
				CLANG_CXX_LIBRARY = "libc++";
				CLANG_ENABLE_MODULES = YES;
				CLANG_ENABLE_OBJC_ARC = YES;
				CLANG_ENABLE_OBJC_WEAK = YES;
				CLANG_WARN_BLOCK_CAPTURE_AUTORELEASING = YES;
				CLANG_WARN_BOOL_CONVERSION = YES;
				CLANG_WARN_COMMA = YES;
				CLANG_WARN_CONSTANT_CONVERSION = YES;
				CLANG_WARN_DEPRECATED_OBJC_IMPLEMENTATIONS = YES;
				CLANG_WARN_DIRECT_OBJC_ISA_USAGE = YES_ERROR;
				CLANG_WARN_DOCUMENTATION_COMMENTS = YES;
				CLANG_WARN_EMPTY_BODY = YES;
				CLANG_WARN_ENUM_CONVERSION = YES;
				CLANG_WARN_INFINITE_RECURSION = YES;
				CLANG_WARN_INT_CONVERSION = YES;
				CLANG_WARN_NON_LITERAL_NULL_CONVERSION = YES;
				CLANG_WARN_OBJC_IMPLICIT_RETAIN_SELF = YES;
				CLANG_WARN_OBJC_LITERAL_CONVERSION = YES;
				CLANG_WARN_OBJC_ROOT_CLASS = YES_ERROR;
				CLANG_WARN_QUOTED_INCLUDE_IN_FRAMEWORK_HEADER = YES;
				CLANG_WARN_RANGE_LOOP_ANALYSIS = YES;
				CLANG_WARN_STRICT_PROTOTYPES = YES;
				CLANG_WARN_SUSPICIOUS_MOVE = YES;
				CLANG_WARN_UNGUARDED_AVAILABILITY = YES_AGGRESSIVE;
				CLANG_WARN_UNREACHABLE_CODE = YES;
				CLANG_WARN__DUPLICATE_METHOD_MATCH = YES;
				COPY_PHASE_STRIP = NO;
				DEBUG_INFORMATION_FORMAT = "dwarf-with-dsym";
				ENABLE_NS_ASSERTIONS = NO;
				ENABLE_STRICT_OBJC_MSGSEND = YES;
				GCC_C_LANGUAGE_STANDARD = gnu11;
				GCC_NO_COMMON_BLOCKS = YES;
				GCC_WARN_64_TO_32_BIT_CONVERSION = YES;
				GCC_WARN_ABOUT_RETURN_TYPE = YES_ERROR;
				GCC_WARN_UNDECLARED_SELECTOR = YES;
				GCC_WARN_UNINITIALIZED_AUTOS = YES_AGGRESSIVE;
				GCC_WARN_UNUSED_FUNCTION = YES;
				GCC_WARN_UNUSED_VARIABLE = YES;
				IPHONEOS_DEPLOYMENT_TARGET = 14.5;
				MTL_ENABLE_DEBUG_INFO = NO;
				MTL_FAST_MATH = YES;
				SDKROOT = iphoneos;
				SWIFT_COMPILATION_MODE = wholemodule;
				SWIFT_OPTIMIZATION_LEVEL = "-O";
				VALIDATE_PRODUCT = YES;
			};
			name = Release;
		};
		9445A46B26AC25F500A3E68D /* Debug */ = {
			isa = XCBuildConfiguration;
			buildSettings = {
				ASSETCATALOG_COMPILER_APPICON_NAME = AppIcon;
				ASSETCATALOG_COMPILER_GLOBAL_ACCENT_COLOR_NAME = AccentColor;
				CODE_SIGN_STYLE = Automatic;
				INFOPLIST_FILE = lesson90Takrorlash/Info.plist;
				LD_RUNPATH_SEARCH_PATHS = (
					"$(inherited)",
					"@executable_path/Frameworks",
				);
				PRODUCT_BUNDLE_IDENTIFIER = uz.example.lesson90Takrorlash;
				PRODUCT_NAME = "$(TARGET_NAME)";
				SWIFT_VERSION = 5.0;
				TARGETED_DEVICE_FAMILY = "1,2";
			};
			name = Debug;
		};
		9445A46C26AC25F500A3E68D /* Release */ = {
			isa = XCBuildConfiguration;
			buildSettings = {
				ASSETCATALOG_COMPILER_APPICON_NAME = AppIcon;
				ASSETCATALOG_COMPILER_GLOBAL_ACCENT_COLOR_NAME = AccentColor;
				CODE_SIGN_STYLE = Automatic;
				INFOPLIST_FILE = lesson90Takrorlash/Info.plist;
				LD_RUNPATH_SEARCH_PATHS = (
					"$(inherited)",
					"@executable_path/Frameworks",
				);
				PRODUCT_BUNDLE_IDENTIFIER = uz.example.lesson90Takrorlash;
				PRODUCT_NAME = "$(TARGET_NAME)";
				SWIFT_VERSION = 5.0;
				TARGETED_DEVICE_FAMILY = "1,2";
			};
			name = Release;
		};
/* End XCBuildConfiguration section */

/* Begin XCConfigurationList section */
		9445A45126AC25F300A3E68D /* Build configuration list for PBXProject "lesson90Takrorlash" */ = {
			isa = XCConfigurationList;
			buildConfigurations = (
				9445A46826AC25F500A3E68D /* Debug */,
				9445A46926AC25F500A3E68D /* Release */,
			);
			defaultConfigurationIsVisible = 0;
			defaultConfigurationName = Release;
		};
		9445A46A26AC25F500A3E68D /* Build configuration list for PBXNativeTarget "lesson90Takrorlash" */ = {
			isa = XCConfigurationList;
			buildConfigurations = (
				9445A46B26AC25F500A3E68D /* Debug */,
				9445A46C26AC25F500A3E68D /* Release */,
			);
			defaultConfigurationIsVisible = 0;
			defaultConfigurationName = Release;
		};
/* End XCConfigurationList section */
	};
	rootObject = 9445A44E26AC25F300A3E68D /* Project object */;
}
